
Microsoft Visual Studio Solution File, Format Version 12.00
# Visual Studio Version 17
VisualStudioVersion = 17.8.34525.116
MinimumVisualStudioVersion = 10.0.40219.1
Project("{FAE04EC0-301F-11D3-BF4B-00C04F79EFBC}") = "Lab5", "Lab5.csproj", "{F6326DD2-11F7-46E8-A2C7-0947FD4E50A3}"
EndProject
Global
	GlobalSection(SolutionConfigurationPlatforms) = preSolution
		Debug|Any CPU = Debug|Any CPU
		Release|Any CPU = Release|Any CPU
	EndGlobalSection
	GlobalSection(ProjectConfigurationPlatforms) = postSolution
		{F6326DD2-11F7-46E8-A2C7-0947FD4E50A3}.Debug|Any CPU.ActiveCfg = Debug|Any CPU
		{F6326DD2-11F7-46E8-A2C7-0947FD4E50A3}.Debug|Any CPU.Build.0 = Debug|Any CPU
		{F6326DD2-11F7-46E8-A2C7-0947FD4E50A3}.Release|Any CPU.ActiveCfg = Release|Any CPU
		{F6326DD2-11F7-46E8-A2C7-0947FD4E50A3}.Release|Any CPU.Build.0 = Release|Any CPU
	EndGlobalSection
	GlobalSection(SolutionProperties) = preSolution
		HideSolutionNode = FALSE
	EndGlobalSection
	GlobalSection(ExtensibilityGlobals) = postSolution
		SolutionGuid = {225AA9F0-920D-42AE-BB96-8F59166BD7D9}
	EndGlobalSection
EndGlobal
